
Microsoft Visual Studio Solution File, Format Version 12.00
# Visual Studio Version 17
VisualStudioVersion = 17.5.33627.172
MinimumVisualStudioVersion = 10.0.40219.1
Project("{FAE04EC0-301F-11D3-BF4B-00C04F79EFBC}") = "Backend.Entities", "Backend.Entities\Backend.Entities.csproj", "{CBB12B52-F961-4580-A9C6-1975E544CB88}"
EndProject
Project("{FAE04EC0-301F-11D3-BF4B-00C04F79EFBC}") = "Backend.DataAccess", "Backend.DataAccess\Backend.DataAccess.csproj", "{ACDCDD20-8CF4-42FD-8A8E-6BA388838C82}"
EndProject
Project("{FAE04EC0-301F-11D3-BF4B-00C04F79EFBC}") = "Backend.Business", "Backend.Business\Backend.Business.csproj", "{DB522D04-D161-4CBC-94C0-1C076BB21DBD}"
EndProject
Project("{FAE04EC0-301F-11D3-BF4B-00C04F79EFBC}") = "Backend.Shared", "Backend.Shared\Backend.Shared.csproj", "{96E342FB-9A79-495B-907A-EFF2190935D6}"
EndProject
Project("{FAE04EC0-301F-11D3-BF4B-00C04F79EFBC}") = "WebAPI", "WebAPI\WebAPI.csproj", "{2DCB25D1-2083-4718-A18B-4BBBA474981F}"
EndProject
Global
	GlobalSection(SolutionConfigurationPlatforms) = preSolution
		Debug|Any CPU = Debug|Any CPU
		Release|Any CPU = Release|Any CPU
	EndGlobalSection
	GlobalSection(ProjectConfigurationPlatforms) = postSolution
		{CBB12B52-F961-4580-A9C6-1975E544CB88}.Debug|Any CPU.ActiveCfg = Debug|Any CPU
		{CBB12B52-F961-4580-A9C6-1975E544CB88}.Debug|Any CPU.Build.0 = Debug|Any CPU
		{CBB12B52-F961-4580-A9C6-1975E544CB88}.Release|Any CPU.ActiveCfg = Release|Any CPU
		{CBB12B52-F961-4580-A9C6-1975E544CB88}.Release|Any CPU.Build.0 = Release|Any CPU
		{ACDCDD20-8CF4-42FD-8A8E-6BA388838C82}.Debug|Any CPU.ActiveCfg = Debug|Any CPU
		{ACDCDD20-8CF4-42FD-8A8E-6BA388838C82}.Debug|Any CPU.Build.0 = Debug|Any CPU
		{ACDCDD20-8CF4-42FD-8A8E-6BA388838C82}.Release|Any CPU.ActiveCfg = Release|Any CPU
		{ACDCDD20-8CF4-42FD-8A8E-6BA388838C82}.Release|Any CPU.Build.0 = Release|Any CPU
		{DB522D04-D161-4CBC-94C0-1C076BB21DBD}.Debug|Any CPU.ActiveCfg = Debug|Any CPU
		{DB522D04-D161-4CBC-94C0-1C076BB21DBD}.Debug|Any CPU.Build.0 = Debug|Any CPU
		{DB522D04-D161-4CBC-94C0-1C076BB21DBD}.Release|Any CPU.ActiveCfg = Release|Any CPU
		{DB522D04-D161-4CBC-94C0-1C076BB21DBD}.Release|Any CPU.Build.0 = Release|Any CPU
		{96E342FB-9A79-495B-907A-EFF2190935D6}.Debug|Any CPU.ActiveCfg = Debug|Any CPU
		{96E342FB-9A79-495B-907A-EFF2190935D6}.Debug|Any CPU.Build.0 = Debug|Any CPU
		{96E342FB-9A79-495B-907A-EFF2190935D6}.Release|Any CPU.ActiveCfg = Release|Any CPU
		{96E342FB-9A79-495B-907A-EFF2190935D6}.Release|Any CPU.Build.0 = Release|Any CPU
		{2DCB25D1-2083-4718-A18B-4BBBA474981F}.Debug|Any CPU.ActiveCfg = Debug|Any CPU
		{2DCB25D1-2083-4718-A18B-4BBBA474981F}.Debug|Any CPU.Build.0 = Debug|Any CPU
		{2DCB25D1-2083-4718-A18B-4BBBA474981F}.Release|Any CPU.ActiveCfg = Release|Any CPU
		{2DCB25D1-2083-4718-A18B-4BBBA474981F}.Release|Any CPU.Build.0 = Release|Any CPU
	EndGlobalSection
	GlobalSection(SolutionProperties) = preSolution
		HideSolutionNode = FALSE
	EndGlobalSection
	GlobalSection(ExtensibilityGlobals) = postSolution
		SolutionGuid = {89F4E04C-9ECF-4299-AFC2-FBC53186A50B}
	EndGlobalSection
EndGlobal
